
Microsoft Visual Studio Solution File, Format Version 12.00
# Visual Studio Version 17
VisualStudioVersion = 17.11.35312.102
MinimumVisualStudioVersion = 10.0.40219.1
Project("{8BC9CEB8-8B4A-11D0-8D11-00A0C91BC942}") = "stack", "stack.vcxproj", "{58180F64-A6F2-4D57-A15A-22D84C3E1B99}"
EndProject
Project("{8BC9CEB8-8B4A-11D0-8D11-00A0C91BC942}") = "stack-test", "test\stack-test\stack-test.vcxproj", "{ECE51ABB-169A-44B6-884D-FC2CFBAE9F23}"
EndProject
Global
	GlobalSection(SolutionConfigurationPlatforms) = preSolution
		Debug|x64 = Debug|x64
		Debug|x86 = Debug|x86
		Release|x64 = Release|x64
		Release|x86 = Release|x86
	EndGlobalSection
	GlobalSection(ProjectConfigurationPlatforms) = postSolution
		{58180F64-A6F2-4D57-A15A-22D84C3E1B99}.Debug|x64.ActiveCfg = Debug|x64
		{58180F64-A6F2-4D57-A15A-22D84C3E1B99}.Debug|x64.Build.0 = Debug|x64
		{58180F64-A6F2-4D57-A15A-22D84C3E1B99}.Debug|x86.ActiveCfg = Debug|Win32
		{58180F64-A6F2-4D57-A15A-22D84C3E1B99}.Debug|x86.Build.0 = Debug|Win32
		{58180F64-A6F2-4D57-A15A-22D84C3E1B99}.Release|x64.ActiveCfg = Release|x64
		{58180F64-A6F2-4D57-A15A-22D84C3E1B99}.Release|x64.Build.0 = Release|x64
		{58180F64-A6F2-4D57-A15A-22D84C3E1B99}.Release|x86.ActiveCfg = Release|Win32
		{58180F64-A6F2-4D57-A15A-22D84C3E1B99}.Release|x86.Build.0 = Release|Win32
		{ECE51ABB-169A-44B6-884D-FC2CFBAE9F23}.Debug|x64.ActiveCfg = Debug|x64
		{ECE51ABB-169A-44B6-884D-FC2CFBAE9F23}.Debug|x64.Build.0 = Debug|x64
		{ECE51ABB-169A-44B6-884D-FC2CFBAE9F23}.Debug|x86.ActiveCfg = Debug|Win32
		{ECE51ABB-169A-44B6-884D-FC2CFBAE9F23}.Debug|x86.Build.0 = Debug|Win32
		{ECE51ABB-169A-44B6-884D-FC2CFBAE9F23}.Release|x64.ActiveCfg = Release|x64
		{ECE51ABB-169A-44B6-884D-FC2CFBAE9F23}.Release|x64.Build.0 = Release|x64
		{ECE51ABB-169A-44B6-884D-FC2CFBAE9F23}.Release|x86.ActiveCfg = Release|Win32
		{ECE51ABB-169A-44B6-884D-FC2CFBAE9F23}.Release|x86.Build.0 = Release|Win32
	EndGlobalSection
	GlobalSection(SolutionProperties) = preSolution
		HideSolutionNode = FALSE
	EndGlobalSection
	GlobalSection(ExtensibilityGlobals) = postSolution
		SolutionGuid = {D905BF5E-F374-48C6-93CA-03E303960359}
	EndGlobalSection
EndGlobal
